<?xml version="1.0" encoding="utf-8"?>
<Project ToolsVersion="4.0" xmlns="http://schemas.microsoft.com/developer/msbuild/2003">
  <ItemGroup>
    <ClCompile Include="src\Main.cpp" />
    <ClCompile Include="src\CameraProject.cpp">
      <Filter>CameraProject</Filter>
    </ClCompile>
    <ClCompile Include="src\GeometryProject.cpp">
      <Filter>GeometryProject</Filter>
    </ClCompile>
    <ClCompile Include="src\LightingProject.cpp">
      <Filter>LighitingProject</Filter>
    </ClCompile>
    <ClCompile Include="src\AdvanceTexture.cpp">
      <Filter>AdvanceTexturing</Filter>
    </ClCompile>
    <ClCompile Include="src\ProjectOpenGL1.cpp">
      <Filter>BasicProject</Filter>
    </ClCompile>
    <ClCompile Include="src\Application.cpp">
      <Filter>BaseClass</Filter>
    </ClCompile>
    <ClCompile Include="src\Mesh.cpp">
      <Filter>LighitingProject\ModelLoader</Filter>
    </ClCompile>
    <ClCompile Include="src\Camera.cpp">
      <Filter>Utility\Visual</Filter>
    </ClCompile>
    <ClCompile Include="src\Gizmos.cpp">
      <Filter>Utility\Visual</Filter>
    </ClCompile>
    <ClCompile Include="src\TextRender.cpp">
      <Filter>Utility\Visual</Filter>
    </ClCompile>
    <ClCompile Include="src\gl_core_4_4.c">
      <Filter>Utility\OpenGL</Filter>
    </ClCompile>
    <ClCompile Include="src\ShaderCompiler.cpp">
      <Filter>Utility\OpenGL</Filter>
    </ClCompile>
    <ClCompile Include="src\tiny_obj_loader.cc">
      <Filter>Utility\ModelLoader</Filter>
    </ClCompile>
    <ClCompile Include="src\AnimationProject.cpp">
      <Filter>Animation</Filter>
    </ClCompile>
    <ClCompile Include="src\FBXAnimationProject.cpp">
      <Filter>FBXAnimation</Filter>
    </ClCompile>
    <ClCompile Include="src\ParticleData.cpp">
      <Filter>ParticleProject\BaseParticles</Filter>
    </ClCompile>
    <ClCompile Include="src\ParticleEmitter.cpp">
      <Filter>ParticleProject\BaseParticles</Filter>
    </ClCompile>
    <ClCompile Include="src\ParticleSystem.cpp">
      <Filter>ParticleProject\BaseParticles</Filter>
    </ClCompile>
    <ClCompile Include="src\ParticlesUpdaters.cpp">
      <Filter>ParticleProject\ParticlesUpdaters</Filter>
    </ClCompile>
    <ClCompile Include="src\ParticlesGenerators.cpp">
      <Filter>ParticleProject\ParticleGenerators</Filter>
    </ClCompile>
    <ClCompile Include="src\ParticlesRenderer.cpp">
      <Filter>ParticleProject\ParticlesRenderer</Filter>
    </ClCompile>
    <ClCompile Include="src\glParticleRenderer.cpp">
      <Filter>ParticleProject\ParticlesRenderer</Filter>
    </ClCompile>
    <ClCompile Include="src\TunnelEffect.cpp">
      <Filter>ParticleProject\ParticleEffect\TunnelEffect</Filter>
    </ClCompile>
    <ClCompile Include="src\EmitterSh.cpp">
      <Filter>ParticleSchool</Filter>
    </ClCompile>
    <ClCompile Include="src\ParticleSh.cpp">
      <Filter>ParticleSchool</Filter>
    </ClCompile>
    <ClCompile Include="src\ParticleEffect.cpp">
      <Filter>ParticleProject\ParticleEffect</Filter>
    </ClCompile>
    <ClCompile Include="src\Particle.cpp">
      <Filter>ParticleProject</Filter>
    </ClCompile>
    <ClCompile Include="src\GPUEmitter.cpp">
      <Filter>GPUParticleProject</Filter>
    </ClCompile>
    <ClCompile Include="src\GPUParticleProject.cpp">
      <Filter>GPUParticleProject</Filter>
    </ClCompile>
    <ClCompile Include="src\BoundingBoxes.cpp">
      <Filter>BoundingBoxProject</Filter>
    </ClCompile>
    <ClCompile Include="src\CollisionProject.cpp">
      <Filter>BoundingBoxProject</Filter>
    </ClCompile>
  </ItemGroup>
  <ItemGroup>
    <ClInclude Include="src\CameraProject.h">
      <Filter>CameraProject</Filter>
    </ClInclude>
    <ClInclude Include="src\GeometryProject.h">
      <Filter>GeometryProject</Filter>
    </ClInclude>
    <ClInclude Include="src\LightingProject.h">
      <Filter>LighitingProject</Filter>
    </ClInclude>
    <ClInclude Include="src\AdvanceTexture.h">
      <Filter>AdvanceTexturing</Filter>
    </ClInclude>
    <ClInclude Include="src\ProjectOpenGL1.h">
      <Filter>BasicProject</Filter>
    </ClInclude>
    <ClInclude Include="src\Application.h">
      <Filter>BaseClass</Filter>
    </ClInclude>
    <ClInclude Include="src\Mesh.h">
      <Filter>LighitingProject\ModelLoader</Filter>
    </ClInclude>
    <ClInclude Include="src\Model.h">
      <Filter>LighitingProject\ModelLoader</Filter>
    </ClInclude>
    <ClInclude Include="src\Camera.h">
      <Filter>Utility\Visual</Filter>
    </ClInclude>
    <ClInclude Include="src\Gizmos.h">
      <Filter>Utility\Visual</Filter>
    </ClInclude>
    <ClInclude Include="src\TextRender.h">
      <Filter>Utility\Visual</Filter>
    </ClInclude>
    <ClInclude Include="src\gl_core_4_4.h">
      <Filter>Utility\OpenGL</Filter>
    </ClInclude>
    <ClInclude Include="src\ShaderCompiler.h">
      <Filter>Utility\OpenGL</Filter>
    </ClInclude>
    <ClInclude Include="src\stb_image.h">
      <Filter>Utility\Texture</Filter>
    </ClInclude>
    <ClInclude Include="src\tiny_obj_loader.h">
      <Filter>Utility\ModelLoader</Filter>
    </ClInclude>
    <ClInclude Include="src\Vertex.h">
      <Filter>Utility\Visual</Filter>
    </ClInclude>
    <ClInclude Include="src\Oldsrc.h">
      <Filter>BasicProject</Filter>
    </ClInclude>
    <ClInclude Include="src\Constant.h">
      <Filter>Utility\Constant</Filter>
    </ClInclude>
    <ClInclude Include="src\AnimationProject.h">
      <Filter>Animation</Filter>
    </ClInclude>
    <ClInclude Include="src\KeyFrame.h">
      <Filter>Animation</Filter>
    </ClInclude>
    <ClInclude Include="src\FBXAnimationProject.h">
      <Filter>FBXAnimation</Filter>
    </ClInclude>
    <ClInclude Include="src\Particle.h">
      <Filter>ParticleProject</Filter>
    </ClInclude>
    <ClInclude Include="src\ParticleData.h">
      <Filter>ParticleProject\BaseParticles</Filter>
    </ClInclude>
    <ClInclude Include="src\ParticleEmitter.h">
      <Filter>ParticleProject\BaseParticles</Filter>
    </ClInclude>
    <ClInclude Include="src\ParticleGenerator.h">
      <Filter>ParticleProject\BaseParticles</Filter>
    </ClInclude>
    <ClInclude Include="src\ParticleSystem.h">
      <Filter>ParticleProject\BaseParticles</Filter>
    </ClInclude>
    <ClInclude Include="src\ParticleUpdater.h">
      <Filter>ParticleProject\BaseParticles</Filter>
    </ClInclude>
    <ClInclude Include="src\ParticlesUpdaters.h">
      <Filter>ParticleProject\ParticlesUpdaters</Filter>
    </ClInclude>
    <ClInclude Include="src\ParticlesGenerators.h">
      <Filter>ParticleProject\ParticleGenerators</Filter>
    </ClInclude>
    <ClInclude Include="src\ParticlesRenderer.h">
      <Filter>ParticleProject\ParticlesRenderer</Filter>
    </ClInclude>
    <ClInclude Include="src\glParticleRenderer.h">
      <Filter>ParticleProject\ParticlesRenderer</Filter>
    </ClInclude>
    <ClInclude Include="src\ParticleEffect.h">
      <Filter>ParticleProject\ParticleEffect</Filter>
    </ClInclude>
    <ClInclude Include="src\TunnelEffect.h">
      <Filter>ParticleProject\ParticleEffect\TunnelEffect</Filter>
    </ClInclude>
    <ClInclude Include="src\EmitterSh.h">
      <Filter>ParticleSchool</Filter>
    </ClInclude>
    <ClInclude Include="src\ParticleSh.h">
      <Filter>ParticleSchool</Filter>
    </ClInclude>
    <ClInclude Include="src\GPUEmitter.h">
      <Filter>GPUParticleProject</Filter>
    </ClInclude>
    <ClInclude Include="src\GPUParticleProject.h">
      <Filter>GPUParticleProject</Filter>
    </ClInclude>
    <ClInclude Include="src\BoundingBoxes.h">
      <Filter>BoundingBoxProject</Filter>
    </ClInclude>
    <ClInclude Include="src\CollisionProject.h">
      <Filter>BoundingBoxProject</Filter>
    </ClInclude>
  </ItemGroup>
  <ItemGroup>
    <None Include="data\shaders\LightingFragment.glsl">
      <Filter>LighitingProject</Filter>
    </None>
    <None Include="data\shaders\LightingVertex.glsl">
      <Filter>LighitingProject</Filter>
    </None>
    <None Include="data\shaders\SkinnedVertex.glsl">
      <Filter>FBXAnimation</Filter>
    </None>
    <None Include="data\shaders\SkinnedFragment.glsl">
      <Filter>FBXAnimation</Filter>
    </None>
    <None Include="data\shaders\TextureFragment.glsl">
      <Filter>AdvanceTexturing</Filter>
    </None>
    <None Include="data\shaders\TextureVertex.glsl">
      <Filter>AdvanceTexturing</Filter>
    </None>
    <None Include="data\shaders\ParticleVertex.glsl">
      <Filter>ParticleSchool</Filter>
    </None>
    <None Include="data\shaders\ParticleFragment.glsl">
      <Filter>ParticleSchool</Filter>
    </None>
    <None Include="data\shaders\ParticleEffectVertex.glsl">
      <Filter>ParticleProject</Filter>
    </None>
    <None Include="data\shaders\ParticleEffectFragment.glsl">
      <Filter>ParticleProject</Filter>
    </None>
    <None Include="data\shaders\GPUParticleVertex.glsl">
      <Filter>GPUParticleProject</Filter>
    </None>
    <None Include="data\shaders\GPUParticleFragment.glsl">
      <Filter>GPUParticleProject</Filter>
    </None>
    <None Include="data\shaders\GPUParticleGeometry.glsl">
      <Filter>GPUParticleProject</Filter>
    </None>
    <None Include="data\shaders\particle_update_vert.glsl">
      <Filter>GPUParticleProject</Filter>
    </None>
  </ItemGroup>
  <ItemGroup>
    <Filter Include="Utility">
      <UniqueIdentifier>{265fd039-ed58-4593-a516-b36bd23c8d69}</UniqueIdentifier>
    </Filter>
    <Filter Include="CameraProject">
      <UniqueIdentifier>{09418119-44de-4337-a852-30e9a4c8fe79}</UniqueIdentifier>
    </Filter>
    <Filter Include="GeometryProject">
      <UniqueIdentifier>{a53294b3-c847-4ec9-98ca-b223ee834ec0}</UniqueIdentifier>
    </Filter>
    <Filter Include="LighitingProject">
      <UniqueIdentifier>{75eea11a-f8c7-4f5e-b0f6-8135ad151d1a}</UniqueIdentifier>
    </Filter>
    <Filter Include="AdvanceTexturing">
      <UniqueIdentifier>{025fcafb-06e4-45a1-9e44-d3ad0c362283}</UniqueIdentifier>
    </Filter>
    <Filter Include="BasicProject">
      <UniqueIdentifier>{0e68c0c3-96c3-4f63-9547-1eac1efc88ee}</UniqueIdentifier>
    </Filter>
    <Filter Include="BaseClass">
      <UniqueIdentifier>{c5e60906-25b0-4127-86a6-c3273bc1fbfe}</UniqueIdentifier>
    </Filter>
    <Filter Include="LighitingProject\ModelLoader">
      <UniqueIdentifier>{7c03bce7-7533-45ef-b425-f86e7a617e7b}</UniqueIdentifier>
    </Filter>
    <Filter Include="Utility\Visual">
      <UniqueIdentifier>{adc5cc74-98be-44d6-b3df-33531fc8c7d9}</UniqueIdentifier>
    </Filter>
    <Filter Include="Utility\OpenGL">
      <UniqueIdentifier>{06c74b87-d981-4b3f-baee-f4f0318c2080}</UniqueIdentifier>
    </Filter>
    <Filter Include="Utility\Texture">
      <UniqueIdentifier>{fd6f7483-9233-43ba-a02c-24c2224c9739}</UniqueIdentifier>
    </Filter>
    <Filter Include="Utility\ModelLoader">
      <UniqueIdentifier>{d02f85b2-4590-4455-87bf-b5202becc5da}</UniqueIdentifier>
    </Filter>
    <Filter Include="Utility\Constant">
      <UniqueIdentifier>{8c142eaf-9a04-446f-8ebe-d58f90c87c7b}</UniqueIdentifier>
    </Filter>
    <Filter Include="Animation">
      <UniqueIdentifier>{054c58ba-cc58-4556-b99c-c5f7b5575520}</UniqueIdentifier>
    </Filter>
    <Filter Include="FBXAnimation">
      <UniqueIdentifier>{47857266-c639-4f22-bf03-e5e42f7d0652}</UniqueIdentifier>
    </Filter>
    <Filter Include="ParticleProject">
      <UniqueIdentifier>{33db099b-be1c-4b4a-ba27-0d2b5a91f322}</UniqueIdentifier>
    </Filter>
    <Filter Include="ParticleProject\BaseParticles">
      <UniqueIdentifier>{7b051396-372b-45ad-a341-0d84813f46b4}</UniqueIdentifier>
    </Filter>
    <Filter Include="ParticleProject\ParticlesUpdaters">
      <UniqueIdentifier>{9b1ef30b-3585-48f7-bf74-7b38ba8d0381}</UniqueIdentifier>
    </Filter>
    <Filter Include="ParticleProject\ParticleGenerators">
      <UniqueIdentifier>{b4a9465a-e0de-4a0c-af0a-d70afc1cb967}</UniqueIdentifier>
    </Filter>
    <Filter Include="ParticleProject\ParticlesRenderer">
      <UniqueIdentifier>{addca3ec-c24a-4396-9e41-255b46279080}</UniqueIdentifier>
    </Filter>
    <Filter Include="ParticleProject\ParticleEffect">
      <UniqueIdentifier>{b3080899-e330-49f2-92c0-98891c7f4b96}</UniqueIdentifier>
    </Filter>
    <Filter Include="ParticleProject\ParticleEffect\TunnelEffect">
      <UniqueIdentifier>{4ed82290-12c0-47f6-a6f3-f140aa2949a0}</UniqueIdentifier>
    </Filter>
    <Filter Include="ParticleSchool">
      <UniqueIdentifier>{724b2c63-17c1-47cd-b7f5-994d84ce11a2}</UniqueIdentifier>
    </Filter>
    <Filter Include="GPUParticleProject">
      <UniqueIdentifier>{3db97d5e-30bd-46f5-98d2-a35850775677}</UniqueIdentifier>
    </Filter>
    <Filter Include="BoundingBoxProject">
      <UniqueIdentifier>{b78676a1-d971-47f4-bb17-cb782ef85650}</UniqueIdentifier>
    </Filter>
  </ItemGroup>
</Project>